
Microsoft Visual Studio Solution File, Format Version 12.00
# Visual Studio Version 16
VisualStudioVersion = 16.0.31321.278
MinimumVisualStudioVersion = 10.0.40219.1
Project("{FAE04EC0-301F-11D3-BF4B-00C04F79EFBC}") = "ChargEVCompanionApp.Android", "ChargEVCompanionApp.Android\ChargEVCompanionApp.Android.csproj", "{C5236DAE-22A7-4B0A-BA38-81AF5F234C65}"
EndProject
Project("{FAE04EC0-301F-11D3-BF4B-00C04F79EFBC}") = "ChargEVCompanionApp", "ChargEVCompanionApp\ChargEVCompanionApp.csproj", "{8DCEECA3-5A59-4EDD-96BE-19F284B64630}"
EndProject
Global
	GlobalSection(SolutionConfigurationPlatforms) = preSolution
		Debug|Any CPU = Debug|Any CPU
		Release|Any CPU = Release|Any CPU
	EndGlobalSection
	GlobalSection(ProjectConfigurationPlatforms) = postSolution
		{C5236DAE-22A7-4B0A-BA38-81AF5F234C65}.Debug|Any CPU.ActiveCfg = Debug|Any CPU
		{C5236DAE-22A7-4B0A-BA38-81AF5F234C65}.Debug|Any CPU.Build.0 = Debug|Any CPU
		{C5236DAE-22A7-4B0A-BA38-81AF5F234C65}.Debug|Any CPU.Deploy.0 = Debug|Any CPU
		{C5236DAE-22A7-4B0A-BA38-81AF5F234C65}.Release|Any CPU.ActiveCfg = Release|Any CPU
		{C5236DAE-22A7-4B0A-BA38-81AF5F234C65}.Release|Any CPU.Build.0 = Release|Any CPU
		{C5236DAE-22A7-4B0A-BA38-81AF5F234C65}.Release|Any CPU.Deploy.0 = Release|Any CPU
		{8DCEECA3-5A59-4EDD-96BE-19F284B64630}.Debug|Any CPU.ActiveCfg = Debug|Any CPU
		{8DCEECA3-5A59-4EDD-96BE-19F284B64630}.Debug|Any CPU.Build.0 = Debug|Any CPU
		{8DCEECA3-5A59-4EDD-96BE-19F284B64630}.Debug|Any CPU.Deploy.0 = Debug|Any CPU
		{8DCEECA3-5A59-4EDD-96BE-19F284B64630}.Release|Any CPU.ActiveCfg = Release|Any CPU
		{8DCEECA3-5A59-4EDD-96BE-19F284B64630}.Release|Any CPU.Build.0 = Release|Any CPU
		{8DCEECA3-5A59-4EDD-96BE-19F284B64630}.Release|Any CPU.Deploy.0 = Release|Any CPU
	EndGlobalSection
	GlobalSection(SolutionProperties) = preSolution
		HideSolutionNode = FALSE
	EndGlobalSection
	GlobalSection(ExtensibilityGlobals) = postSolution
		SolutionGuid = {DE2267D3-0D00-48A6-97F4-9AC20E78BB53}
	EndGlobalSection
EndGlobal
